
Microsoft Visual Studio Solution File, Format Version 12.00
# Visual Studio Version 17
VisualStudioVersion = 17.7.34221.43
MinimumVisualStudioVersion = 10.0.40219.1
Project("{FAE04EC0-301F-11D3-BF4B-00C04F79EFBC}") = "Webemployee", "Webemployee\Webemployee.csproj", "{7E37782F-9CA1-450D-BFE4-F96DB0D2E4FB}"
EndProject
Global
	GlobalSection(SolutionConfigurationPlatforms) = preSolution
		Debug|Any CPU = Debug|Any CPU
		Release|Any CPU = Release|Any CPU
	EndGlobalSection
	GlobalSection(ProjectConfigurationPlatforms) = postSolution
		{7E37782F-9CA1-450D-BFE4-F96DB0D2E4FB}.Debug|Any CPU.ActiveCfg = Debug|Any CPU
		{7E37782F-9CA1-450D-BFE4-F96DB0D2E4FB}.Debug|Any CPU.Build.0 = Debug|Any CPU
		{7E37782F-9CA1-450D-BFE4-F96DB0D2E4FB}.Release|Any CPU.ActiveCfg = Release|Any CPU
		{7E37782F-9CA1-450D-BFE4-F96DB0D2E4FB}.Release|Any CPU.Build.0 = Release|Any CPU
	EndGlobalSection
	GlobalSection(SolutionProperties) = preSolution
		HideSolutionNode = FALSE
	EndGlobalSection
	GlobalSection(ExtensibilityGlobals) = postSolution
		SolutionGuid = {F91B30F3-34C7-4C38-8216-0316791C0F74}
	EndGlobalSection
EndGlobal
